{
  "name": "agent-operator-score",
  "version": "0.1.0",
  "lockfileVersion": 3,
  "requires": true,
  "packages": {
    "": {
      "name": "agent-operator-score",
      "version": "0.1.0",
      "license": "MIT",
      "bin": {
        "aos": "bin/aos.mjs"
      },
      "engines": {
        "node": ">=22.18 <25"
      },
      "os": [
        "darwin",
        "linux"
      ],
      "cpu": [
        "x64",
        "arm64"
      ]
    }
  }
}
