{
  "name": "agent-operator-score",
  "version": "0.0.0",
  "lockfileVersion": 3,
  "requires": true,
  "packages": {
    "": {
      "name": "agent-operator-score",
      "version": "0.0.0",
      "workspaces": [
        "packages/*",
        "adapters/*"
      ],
      "engines": {
        "node": ">=22.18 <25"
      }
    },
    "adapters/claude-code": {
      "name": "@aos/adapter-claude-code",
      "version": "0.0.0"
    },
    "adapters/codex": {
      "name": "@aos/adapter-codex",
      "version": "0.0.0"
    },
    "node_modules/@aos/adapter-claude-code": {
      "resolved": "adapters/claude-code",
      "link": true
    },
    "node_modules/@aos/adapter-codex": {
      "resolved": "adapters/codex",
      "link": true
    },
    "node_modules/@aos/reporter": {
      "resolved": "packages/reporter",
      "link": true
    },
    "node_modules/@aos/runner": {
      "resolved": "packages/runner",
      "link": true
    },
    "node_modules/@aos/schema": {
      "resolved": "packages/schema",
      "link": true
    },
    "node_modules/@aos/scorer": {
      "resolved": "packages/scorer",
      "link": true
    },
    "packages/reporter": {
      "name": "@aos/reporter",
      "version": "0.0.0"
    },
    "packages/runner": {
      "name": "@aos/runner",
      "version": "0.0.0"
    },
    "packages/schema": {
      "name": "@aos/schema",
      "version": "0.0.0"
    },
    "packages/scorer": {
      "name": "@aos/scorer",
      "version": "0.0.0"
    }
  }
}
